
Microsoft Visual Studio Solution File, Format Version 12.00
# Visual Studio Version 17
VisualStudioVersion = 17.5.002.0
MinimumVisualStudioVersion = 10.0.40219.1
Project("{9A19103F-16F7-4668-BE54-9A1E7A4F7556}") = "CodeReviewPOC", "CodeReviewPOC.csproj", "{A3D7067A-40FC-4CB4-90FB-835371649E8A}"
EndProject
Global
	GlobalSection(SolutionConfigurationPlatforms) = preSolution
		Debug|Any CPU = Debug|Any CPU
		Release|Any CPU = Release|Any CPU
	EndGlobalSection
	GlobalSection(ProjectConfigurationPlatforms) = postSolution
		{A3D7067A-40FC-4CB4-90FB-835371649E8A}.Debug|Any CPU.ActiveCfg = Debug|Any CPU
		{A3D7067A-40FC-4CB4-90FB-835371649E8A}.Debug|Any CPU.Build.0 = Debug|Any CPU
		{A3D7067A-40FC-4CB4-90FB-835371649E8A}.Release|Any CPU.ActiveCfg = Release|Any CPU
		{A3D7067A-40FC-4CB4-90FB-835371649E8A}.Release|Any CPU.Build.0 = Release|Any CPU
	EndGlobalSection
	GlobalSection(SolutionProperties) = preSolution
		HideSolutionNode = FALSE
	EndGlobalSection
	GlobalSection(ExtensibilityGlobals) = postSolution
		SolutionGuid = {9BE7C080-901F-4170-B506-5E91A4527BDB}
	EndGlobalSection
EndGlobal
